
Microsoft Visual Studio Solution File, Format Version 12.00
# Visual Studio Version 17
VisualStudioVersion = 17.14.36212.18 d17.14
MinimumVisualStudioVersion = 10.0.40219.1
Project("{FAE04EC0-301F-11D3-BF4B-00C04F79EFBC}") = "web_projekat", "web_projekat\web_projekat.csproj", "{A936BD45-FEB7-401F-AF78-19604651C08F}"
EndProject
Global
	GlobalSection(SolutionConfigurationPlatforms) = preSolution
		Debug|Any CPU = Debug|Any CPU
		Release|Any CPU = Release|Any CPU
	EndGlobalSection
	GlobalSection(ProjectConfigurationPlatforms) = postSolution
		{A936BD45-FEB7-401F-AF78-19604651C08F}.Debug|Any CPU.ActiveCfg = Debug|Any CPU
		{A936BD45-FEB7-401F-AF78-19604651C08F}.Debug|Any CPU.Build.0 = Debug|Any CPU
		{A936BD45-FEB7-401F-AF78-19604651C08F}.Release|Any CPU.ActiveCfg = Release|Any CPU
		{A936BD45-FEB7-401F-AF78-19604651C08F}.Release|Any CPU.Build.0 = Release|Any CPU
	EndGlobalSection
	GlobalSection(SolutionProperties) = preSolution
		HideSolutionNode = FALSE
	EndGlobalSection
	GlobalSection(ExtensibilityGlobals) = postSolution
		SolutionGuid = {F203FE24-5BED-4CC3-9E53-0032C37BD110}
	EndGlobalSection
EndGlobal
